// !$*UTF8*$!
{
	archiveVersion = 1;
	classes = {
	};
	objectVersion = 46;
	objects = {

/* Begin PBXBuildFile section */
		04840BCC1C5C1C4C00AED8D2 /* AppDelegate.swift in Sources */ = {isa = PBXBuildFile; fileRef = 04840BCB1C5C1C4C00AED8D2 /* AppDelegate.swift */; };
		04840BCE1C5C1C4C00AED8D2 /* MainViewController.swift in Sources */ = {isa = PBXBuildFile; fileRef = 04840BCD1C5C1C4C00AED8D2 /* MainViewController.swift */; };
		04840BD11C5C1C4C00AED8D2 /* Main.storyboard in Resources */ = {isa = PBXBuildFile; fileRef = 04840BCF1C5C1C4C00AED8D2 /* Main.storyboard */; };
		04840BD31C5C1C4C00AED8D2 /* Assets.xcassets in Resources */ = {isa = PBXBuildFile; fileRef = 04840BD21C5C1C4C00AED8D2 /* Assets.xcassets */; };
		04840BD61C5C1C4C00AED8D2 /* LaunchScreen.storyboard in Resources */ = {isa = PBXBuildFile; fileRef = 04840BD41C5C1C4C00AED8D2 /* LaunchScreen.storyboard */; };
		04B79E1E1C600A9900C4058A /* FloatExtension.swift in Sources */ = {isa = PBXBuildFile; fileRef = 04B79E1D1C600A9900C4058A /* FloatExtension.swift */; };
/* End PBXBuildFile section */

/* Begin PBXFileReference section */
		04840BC81C5C1C4C00AED8D2 /* TipCalculator.app */ = {isa = PBXFileReference; explicitFileType = wrapper.application; includeInIndex = 0; path = TipCalculator.app; sourceTree = BUILT_PRODUCTS_DIR; };
		04840BCB1C5C1C4C00AED8D2 /* AppDelegate.swift */ = {isa = PBXFileReference; lastKnownFileType = sourcecode.swift; path = AppDelegate.swift; sourceTree = "<group>"; };
		04840BCD1C5C1C4C00AED8D2 /* MainViewController.swift */ = {isa = PBXFileReference; lastKnownFileType = sourcecode.swift; path = MainViewController.swift; sourceTree = "<group>"; };
		04840BD01C5C1C4C00AED8D2 /* Base */ = {isa = PBXFileReference; lastKnownFileType = file.storyboard; name = Base; path = Base.lproj/Main.storyboard; sourceTree = "<group>"; };
		04840BD21C5C1C4C00AED8D2 /* Assets.xcassets */ = {isa = PBXFileReference; lastKnownFileType = folder.assetcatalog; path = Assets.xcassets; sourceTree = "<group>"; };
		04840BD51C5C1C4C00AED8D2 /* Base */ = {isa = PBXFileReference; lastKnownFileType = file.storyboard; name = Base; path = Base.lproj/LaunchScreen.storyboard; sourceTree = "<group>"; };
		04840BD71C5C1C4C00AED8D2 /* Info.plist */ = {isa = PBXFileReference; lastKnownFileType = text.plist.xml; path = Info.plist; sourceTree = "<group>"; };
		04B79E1D1C600A9900C4058A /* FloatExtension.swift */ = {isa = PBXFileReference; fileEncoding = 4; lastKnownFileType = sourcecode.swift; path = FloatExtension.swift; sourceTree = "<group>"; };
/* End PBXFileReference section */

/* Begin PBXFrameworksBuildPhase section */
		04840BC51C5C1C4C00AED8D2 /* Frameworks */ = {
			isa = PBXFrameworksBuildPhase;
			buildActionMask = 2147483647;
			files = (
			);
			runOnlyForDeploymentPostprocessing = 0;
		};
/* End PBXFrameworksBuildPhase section */

/* Begin PBXGroup section */
		04840BBF1C5C1C4C00AED8D2 = {
			isa = PBXGroup;
			children = (
				04840BCA1C5C1C4C00AED8D2 /* TipCalculator */,
				04840BC91C5C1C4C00AED8D2 /* Products */,
			);
			sourceTree = "<group>";
		};
		04840BC91C5C1C4C00AED8D2 /* Products */ = {
			isa = PBXGroup;
			children = (
				04840BC81C5C1C4C00AED8D2 /* TipCalculator.app */,
			);
			name = Products;
			sourceTree = "<group>";
		};
		04840BCA1C5C1C4C00AED8D2 /* TipCalculator */ = {
			isa = PBXGroup;
			children = (
				04840BCB1C5C1C4C00AED8D2 /* AppDelegate.swift */,
				04840BCD1C5C1C4C00AED8D2 /* MainViewController.swift */,
				04840BCF1C5C1C4C00AED8D2 /* Main.storyboard */,
				04840BD21C5C1C4C00AED8D2 /* Assets.xcassets */,
				04840BD41C5C1C4C00AED8D2 /* LaunchScreen.storyboard */,
				04840BD71C5C1C4C00AED8D2 /* Info.plist */,
				04B79E1D1C600A9900C4058A /* FloatExtension.swift */,
			);
			path = TipCalculator;
			sourceTree = "<group>";
		};
/* End PBXGroup section */

/* Begin PBXNativeTarget section */
		04840BC71C5C1C4C00AED8D2 /* TipCalculator */ = {
			isa = PBXNativeTarget;
			buildConfigurationList = 04840BDA1C5C1C4C00AED8D2 /* Build configuration list for PBXNativeTarget "TipCalculator" */;
			buildPhases = (
				04840BC41C5C1C4C00AED8D2 /* Sources */,
				04840BC51C5C1C4C00AED8D2 /* Frameworks */,
				04840BC61C5C1C4C00AED8D2 /* Resources */,
			);
			buildRules = (
			);
			dependencies = (
			);
			name = TipCalculator;
			productName = TipCalculator;
			productReference = 04840BC81C5C1C4C00AED8D2 /* TipCalculator.app */;
			productType = "com.apple.product-type.application";
		};
/* End PBXNativeTarget section */

/* Begin PBXProject section */
		04840BC01C5C1C4C00AED8D2 /* Project object */ = {
			isa = PBXProject;
			attributes = {
				LastSwiftUpdateCheck = 0720;
				LastUpgradeCheck = 0720;
				ORGANIZATIONNAME = justForFun;
				TargetAttributes = {
					04840BC71C5C1C4C00AED8D2 = {
						CreatedOnToolsVersion = 7.2;
					};
				};
			};
			buildConfigurationList = 04840BC31C5C1C4C00AED8D2 /* Build configuration list for PBXProject "TipCalculator" */;
			compatibilityVersion = "Xcode 3.2";
			developmentRegion = English;
			hasScannedForEncodings = 0;
			knownRegions = (
				en,
				Base,
			);
			mainGroup = 04840BBF1C5C1C4C00AED8D2;
			productRefGroup = 04840BC91C5C1C4C00AED8D2 /* Products */;
			projectDirPath = "";
			projectRoot = "";
			targets = (
				04840BC71C5C1C4C00AED8D2 /* TipCalculator */,
			);
		};
/* End PBXProject section */

/* Begin PBXResourcesBuildPhase section */
		04840BC61C5C1C4C00AED8D2 /* Resources */ = {
			isa = PBXResourcesBuildPhase;
			buildActionMask = 2147483647;
			files = (
				04840BD61C5C1C4C00AED8D2 /* LaunchScreen.storyboard in Resources */,
				04840BD31C5C1C4C00AED8D2 /* Assets.xcassets in Resources */,
				04840BD11C5C1C4C00AED8D2 /* Main.storyboard in Resources */,
			);
			runOnlyForDeploymentPostprocessing = 0;
		};
/* End PBXResourcesBuildPhase section */

/* Begin PBXSourcesBuildPhase section */
		04840BC41C5C1C4C00AED8D2 /* Sources */ = {
			isa = PBXSourcesBuildPhase;
			buildActionMask = 2147483647;
			files = (
				04840BCE1C5C1C4C00AED8D2 /* MainViewController.swift in Sources */,
				04840BCC1C5C1C4C00AED8D2 /* AppDelegate.swift in Sources */,
				04B79E1E1C600A9900C4058A /* FloatExtension.swift in Sources */,
			);
			runOnlyForDeploymentPostprocessing = 0;
		};
/* End PBXSourcesBuildPhase section */

/* Begin PBXVariantGroup section */
		04840BCF1C5C1C4C00AED8D2 /* Main.storyboard */ = {
			isa = PBXVariantGroup;
			children = (
				04840BD01C5C1C4C00AED8D2 /* Base */,
			);
			name = Main.storyboard;
			sourceTree = "<group>";
		};
		04840BD41C5C1C4C00AED8D2 /* LaunchScreen.storyboard */ = {
			isa = PBXVariantGroup;
			children = (
				04840BD51C5C1C4C00AED8D2 /* Base */,
			);
			name = LaunchScreen.storyboard;
			sourceTree = "<group>";
		};
/* End PBXVariantGroup section */

/* Begin XCBuildConfiguration section */
		04840BD81C5C1C4C00AED8D2 /* Debug */ = {
			isa = XCBuildConfiguration;
			buildSettings = {
				ALWAYS_SEARCH_USER_PATHS = NO;
				CLANG_CXX_LANGUAGE_STANDARD = "gnu++0x";
				CLANG_CXX_LIBRARY = "libc++";
				CLANG_ENABLE_MODULES = YES;
				CLANG_ENABLE_OBJC_ARC = YES;
				CLANG_WARN_BOOL_CONVERSION = YES;
				CLANG_WARN_CONSTANT_CONVERSION = YES;
				CLANG_WARN_DIRECT_OBJC_ISA_USAGE = YES_ERROR;
				CLANG_WARN_EMPTY_BODY = YES;
				CLANG_WARN_ENUM_CONVERSION = YES;
				CLANG_WARN_INT_CONVERSION = YES;
				CLANG_WARN_OBJC_ROOT_CLASS = YES_ERROR;
				CLANG_WARN_UNREACHABLE_CODE = YES;
				CLANG_WARN__DUPLICATE_METHOD_MATCH = YES;
				"CODE_SIGN_IDENTITY[sdk=iphoneos*]" = "iPhone Developer";
				COPY_PHASE_STRIP = NO;
				DEBUG_INFORMATION_FORMAT = dwarf;
				ENABLE_STRICT_OBJC_MSGSEND = YES;
				ENABLE_TESTABILITY = YES;
				GCC_C_LANGUAGE_STANDARD = gnu99;
				GCC_DYNAMIC_NO_PIC = NO;
				GCC_NO_COMMON_BLOCKS = YES;
				GCC_OPTIMIZATION_LEVEL = 0;
				GCC_PREPROCESSOR_DEFINITIONS = (
					"DEBUG=1",
					"$(inherited)",
				);
				GCC_WARN_64_TO_32_BIT_CONVERSION = YES;
				GCC_WARN_ABOUT_RETURN_TYPE = YES_ERROR;
				GCC_WARN_UNDECLARED_SELECTOR = YES;
				GCC_WARN_UNINITIALIZED_AUTOS = YES_AGGRESSIVE;
				GCC_WARN_UNUSED_FUNCTION = YES;
				GCC_WARN_UNUSED_VARIABLE = YES;
				IPHONEOS_DEPLOYMENT_TARGET = 9.2;
				MTL_ENABLE_DEBUG_INFO = YES;
				ONLY_ACTIVE_ARCH = YES;
				SDKROOT = iphoneos;
				SWIFT_OPTIMIZATION_LEVEL = "-Onone";
				TARGETED_DEVICE_FAMILY = 1;
			};
			name = Debug;
		};
		04840BD91C5C1C4C00AED8D2 /* Release */ = {
			isa = XCBuildConfiguration;
			buildSettings = {
				ALWAYS_SEARCH_USER_PATHS = NO;
				CLANG_CXX_LANGUAGE_STANDARD = "gnu++0x";
				CLANG_CXX_LIBRARY = "libc++";
				CLANG_ENABLE_MODULES = YES;
				CLANG_ENABLE_OBJC_ARC = YES;
				CLANG_WARN_BOOL_CONVERSION = YES;
				CLANG_WARN_CONSTANT_CONVERSION = YES;
				CLANG_WARN_DIRECT_OBJC_ISA_USAGE = YES_ERROR;
				CLANG_WARN_EMPTY_BODY = YES;
				CLANG_WARN_ENUM_CONVERSION = YES;
				CLANG_WARN_INT_CONVERSION = YES;
				CLANG_WARN_OBJC_ROOT_CLASS = YES_ERROR;
				CLANG_WARN_UNREACHABLE_CODE = YES;
				CLANG_WARN__DUPLICATE_METHOD_MATCH = YES;
				"CODE_SIGN_IDENTITY[sdk=iphoneos*]" = "iPhone Developer";
				COPY_PHASE_STRIP = NO;
				DEBUG_INFORMATION_FORMAT = "dwarf-with-dsym";
				ENABLE_NS_ASSERTIONS = NO;
				ENABLE_STRICT_OBJC_MSGSEND = YES;
				GCC_C_LANGUAGE_STANDARD = gnu99;
				GCC_NO_COMMON_BLOCKS = YES;
				GCC_WARN_64_TO_32_BIT_CONVERSION = YES;
				GCC_WARN_ABOUT_RETURN_TYPE = YES_ERROR;
				GCC_WARN_UNDECLARED_SELECTOR = YES;
				GCC_WARN_UNINITIALIZED_AUTOS = YES_AGGRESSIVE;
				GCC_WARN_UNUSED_FUNCTION = YES;
				GCC_WARN_UNUSED_VARIABLE = YES;
				IPHONEOS_DEPLOYMENT_TARGET = 9.2;
				MTL_ENABLE_DEBUG_INFO = NO;
				SDKROOT = iphoneos;
				TARGETED_DEVICE_FAMILY = 1;
				VALIDATE_PRODUCT = YES;
			};
			name = Release;
		};
		04840BDB1C5C1C4C00AED8D2 /* Debug */ = {
			isa = XCBuildConfiguration;
			buildSettings = {
				ASSETCATALOG_COMPILER_APPICON_NAME = AppIcon;
				INFOPLIST_FILE = TipCalculator/Info.plist;
				LD_RUNPATH_SEARCH_PATHS = "$(inherited) @executable_path/Frameworks";
				PRODUCT_BUNDLE_IDENTIFIER = com.justforfun.TipCalculator;
				PRODUCT_NAME = "$(TARGET_NAME)";
				TARGETED_DEVICE_FAMILY = 1;
			};
			name = Debug;
		};
		04840BDC1C5C1C4C00AED8D2 /* Release */ = {
			isa = XCBuildConfiguration;
			buildSettings = {
				ASSETCATALOG_COMPILER_APPICON_NAME = AppIcon;
				INFOPLIST_FILE = TipCalculator/Info.plist;
				LD_RUNPATH_SEARCH_PATHS = "$(inherited) @executable_path/Frameworks";
				PRODUCT_BUNDLE_IDENTIFIER = com.justforfun.TipCalculator;
				PRODUCT_NAME = "$(TARGET_NAME)";
				TARGETED_DEVICE_FAMILY = 1;
			};
			name = Release;
		};
/* End XCBuildConfiguration section */

/* Begin XCConfigurationList section */
		04840BC31C5C1C4C00AED8D2 /* Build configuration list for PBXProject "TipCalculator" */ = {
			isa = XCConfigurationList;
			buildConfigurations = (
				04840BD81C5C1C4C00AED8D2 /* Debug */,
				04840BD91C5C1C4C00AED8D2 /* Release */,
			);
			defaultConfigurationIsVisible = 0;
			defaultConfigurationName = Release;
		};
		04840BDA1C5C1C4C00AED8D2 /* Build configuration list for PBXNativeTarget "TipCalculator" */ = {
			isa = XCConfigurationList;
			buildConfigurations = (
				04840BDB1C5C1C4C00AED8D2 /* Debug */,
				04840BDC1C5C1C4C00AED8D2 /* Release */,
			);
			defaultConfigurationIsVisible = 0;
			defaultConfigurationName = Release;
		};
/* End XCConfigurationList section */
	};
	rootObject = 04840BC01C5C1C4C00AED8D2 /* Project object */;
}
